
Microsoft Visual Studio Solution File, Format Version 12.00
# Visual Studio Version 17
VisualStudioVersion = 17.1.32421.90
MinimumVisualStudioVersion = 10.0.40219.1
Project("{FAE04EC0-301F-11D3-BF4B-00C04F79EFBC}") = "ConsoleApp1", "ConsoleApp1\ConsoleApp1.csproj", "{DAF8900B-57C5-4007-9AFF-406B20423012}"
EndProject
Global
	GlobalSection(SolutionConfigurationPlatforms) = preSolution
		Debug|Any CPU = Debug|Any CPU
		Release|Any CPU = Release|Any CPU
	EndGlobalSection
	GlobalSection(ProjectConfigurationPlatforms) = postSolution
		{DAF8900B-57C5-4007-9AFF-406B20423012}.Debug|Any CPU.ActiveCfg = Debug|Any CPU
		{DAF8900B-57C5-4007-9AFF-406B20423012}.Debug|Any CPU.Build.0 = Debug|Any CPU
		{DAF8900B-57C5-4007-9AFF-406B20423012}.Release|Any CPU.ActiveCfg = Release|Any CPU
		{DAF8900B-57C5-4007-9AFF-406B20423012}.Release|Any CPU.Build.0 = Release|Any CPU
	EndGlobalSection
	GlobalSection(SolutionProperties) = preSolution
		HideSolutionNode = FALSE
	EndGlobalSection
	GlobalSection(ExtensibilityGlobals) = postSolution
		SolutionGuid = {5D3A97A0-E3B2-43FD-8293-81D5179B8F7C}
	EndGlobalSection
EndGlobal
